
Microsoft Visual Studio Solution File, Format Version 12.00
# Visual Studio Version 17
VisualStudioVersion = 17.2.32505.173
MinimumVisualStudioVersion = 10.0.40219.1
Project("{FAE04EC0-301F-11D3-BF4B-00C04F79EFBC}") = "Funcionario2", "Funcionario2\Funcionario2.csproj", "{B28E6E46-1AE0-47B5-A71D-277BCD4DCE1C}"
EndProject
Global
	GlobalSection(SolutionConfigurationPlatforms) = preSolution
		Debug|Any CPU = Debug|Any CPU
		Release|Any CPU = Release|Any CPU
	EndGlobalSection
	GlobalSection(ProjectConfigurationPlatforms) = postSolution
		{B28E6E46-1AE0-47B5-A71D-277BCD4DCE1C}.Debug|Any CPU.ActiveCfg = Debug|Any CPU
		{B28E6E46-1AE0-47B5-A71D-277BCD4DCE1C}.Debug|Any CPU.Build.0 = Debug|Any CPU
		{B28E6E46-1AE0-47B5-A71D-277BCD4DCE1C}.Release|Any CPU.ActiveCfg = Release|Any CPU
		{B28E6E46-1AE0-47B5-A71D-277BCD4DCE1C}.Release|Any CPU.Build.0 = Release|Any CPU
	EndGlobalSection
	GlobalSection(SolutionProperties) = preSolution
		HideSolutionNode = FALSE
	EndGlobalSection
	GlobalSection(ExtensibilityGlobals) = postSolution
		SolutionGuid = {CAB3AE3F-289D-4075-BBD0-C6286CDE3E32}
	EndGlobalSection
EndGlobal
